{
    "version": 3,
    "terraform_version": "0.11.11",
    "serial": 3,
    "lineage": "c30b340c-7381-679d-6cba-0667ecaaf7ad",
    "modules": [
        {
            "path": [
                "root"
            ],
            "outputs": {},
            "resources": {
                "dkronjob.my-job": {
                    "type": "dkronjob",
                    "depends_on": [],
                    "primary": {
                        "id": "omar",
                        "attributes": {
                            "command": "date",
                            "disabled": "false",
                            "dkron_host": "http://dkron:8080/v1/jobs",
                            "executor": "shell",
                            "id": "omar",
                            "name": "hola_from_tf",
                            "owner": "omar",
                            "owner_email": "a@a.com"
                        },
                        "meta": {},
                        "tainted": false
                    },
                    "deposed": [],
                    "provider": "provider.dkronjob"
                }
            },
            "depends_on": []
        }
    ]
}
